
Microsoft Visual Studio Solution File, Format Version 12.00
# Visual Studio Version 17
VisualStudioVersion = 17.8.34525.116
MinimumVisualStudioVersion = 10.0.40219.1
Project("{FAE04EC0-301F-11D3-BF4B-00C04F79EFBC}") = "Apidracotheca", "Apidracotheca\Apidracotheca.csproj", "{4E5E574C-0B14-4C30-AD69-7A23534C43A7}"
EndProject
Global
	GlobalSection(SolutionConfigurationPlatforms) = preSolution
		Debug|Any CPU = Debug|Any CPU
		Release|Any CPU = Release|Any CPU
	EndGlobalSection
	GlobalSection(ProjectConfigurationPlatforms) = postSolution
		{4E5E574C-0B14-4C30-AD69-7A23534C43A7}.Debug|Any CPU.ActiveCfg = Debug|Any CPU
		{4E5E574C-0B14-4C30-AD69-7A23534C43A7}.Debug|Any CPU.Build.0 = Debug|Any CPU
		{4E5E574C-0B14-4C30-AD69-7A23534C43A7}.Release|Any CPU.ActiveCfg = Release|Any CPU
		{4E5E574C-0B14-4C30-AD69-7A23534C43A7}.Release|Any CPU.Build.0 = Release|Any CPU
	EndGlobalSection
	GlobalSection(SolutionProperties) = preSolution
		HideSolutionNode = FALSE
	EndGlobalSection
	GlobalSection(ExtensibilityGlobals) = postSolution
		SolutionGuid = {ED418D8E-8AD8-421E-914A-9514E344BD5E}
	EndGlobalSection
EndGlobal
